
Microsoft Visual Studio Solution File, Format Version 12.00
# Visual Studio Version 17
VisualStudioVersion = 17.14.36408.4
MinimumVisualStudioVersion = 10.0.40219.1
Project("{2150E333-8FDC-42A3-9474-1A3956D46DE8}") = "Backend", "Backend", "{1AE8ACA6-933B-BF2A-3671-3E2EAC007D16}"
EndProject
Project("{2150E333-8FDC-42A3-9474-1A3956D46DE8}") = "Backend.Tests", "Backend.Tests", "{C0C6E044-CB20-653A-D6C2-4CA8FE87111B}"
EndProject
Project("{2150E333-8FDC-42A3-9474-1A3956D46DE8}") = "Frontend", "Frontend", "{CE609670-85B9-0D16-FB54-ED063D5D8A6D}"
EndProject
Project("{FAE04EC0-301F-11D3-BF4B-00C04F79EFBC}") = "MiniBank.Api", "Backend\MiniBank.Api\MiniBank.Api.csproj", "{874BFC13-C245-A727-5FB2-714134BC9FE9}"
EndProject
Project("{FAE04EC0-301F-11D3-BF4B-00C04F79EFBC}") = "MiniBank.AppHost", "MiniBank.AppHost\MiniBank.AppHost.csproj", "{93E37A41-5A07-452F-A155-3A74620BECE0}"
EndProject
Project("{FAE04EC0-301F-11D3-BF4B-00C04F79EFBC}") = "MiniBank.ServiceDefaults", "MiniBank.ServiceDefaults\MiniBank.ServiceDefaults.csproj", "{72F4A62D-0C47-33E9-8F98-EDB1DDE29615}"
EndProject
Project("{FAE04EC0-301F-11D3-BF4B-00C04F79EFBC}") = "MiniBank.Features", "Backend\MiniBank.Features\MiniBank.Features.csproj", "{EABDE286-DAB9-40D5-991C-AB8AFAAC47CB}"
EndProject
Project("{FAE04EC0-301F-11D3-BF4B-00C04F79EFBC}") = "MiniBank.Domain", "Backend\MiniBank.Domain\MiniBank.Domain.csproj", "{FB32D3C5-2581-4242-8C69-DDF80A350D37}"
EndProject
Project("{FAE04EC0-301F-11D3-BF4B-00C04F79EFBC}") = "MiniBank.Infrastructure", "Backend\MiniBank.Infrastructure\MiniBank.Infrastructure.csproj", "{34101FC5-CA99-4E72-9FA4-05EBBAFF0162}"
EndProject
Project("{FAE04EC0-301F-11D3-BF4B-00C04F79EFBC}") = "MiniBank.Domain.Tests", "Backend.Tests\MiniBank.Domain.Tests\MiniBank.Domain.Tests.csproj", "{60100595-6859-41A6-935A-96C26042066B}"
EndProject
Project("{FAE04EC0-301F-11D3-BF4B-00C04F79EFBC}") = "MiniBank.Features.Tests", "Backend.Tests\MiniBank.Features.Tests\MiniBank.Features.Tests.csproj", "{526B6A80-8A76-490D-91E0-D5B1B77A00E5}"
EndProject
Project("{FAE04EC0-301F-11D3-BF4B-00C04F79EFBC}") = "MiniBank.Infrastructure.Tests", "Backend.Tests\MiniBank.Infrastructure.Tests\MiniBank.Infrastructure.Tests.csproj", "{84ECD943-1D7D-476F-9286-1F54B700A259}"
EndProject
Project("{FAE04EC0-301F-11D3-BF4B-00C04F79EFBC}") = "MiniBank.Abstractions", "Backend\MiniBank.Abstractions\MiniBank.Abstractions.csproj", "{696340D3-6DC6-43AF-A41E-248B11BFDB1B}"
EndProject
Project("{FAE04EC0-301F-11D3-BF4B-00C04F79EFBC}") = "MiniBank.Api.Tests", "Backend.Tests\MiniBank.Api.Tests\MiniBank.Api.Tests.csproj", "{C036B9EE-2730-4996-B8D5-32A1B05CDFD0}"
EndProject
Project("{FAE04EC0-301F-11D3-BF4B-00C04F79EFBC}") = "MiniBank.Architecture.Tests", "Backend.Tests\MiniBank.Architecture.Tests\MiniBank.Architecture.Tests.csproj", "{03E85197-122C-455F-89E9-3C8F4F53E39C}"
EndProject
Global
	GlobalSection(SolutionConfigurationPlatforms) = preSolution
		Debug|Any CPU = Debug|Any CPU
		Debug|x64 = Debug|x64
		Debug|x86 = Debug|x86
		Release|Any CPU = Release|Any CPU
		Release|x64 = Release|x64
		Release|x86 = Release|x86
	EndGlobalSection
	GlobalSection(ProjectConfigurationPlatforms) = postSolution
		{874BFC13-C245-A727-5FB2-714134BC9FE9}.Debug|Any CPU.ActiveCfg = Debug|Any CPU
		{874BFC13-C245-A727-5FB2-714134BC9FE9}.Debug|Any CPU.Build.0 = Debug|Any CPU
		{874BFC13-C245-A727-5FB2-714134BC9FE9}.Debug|x64.ActiveCfg = Debug|Any CPU
		{874BFC13-C245-A727-5FB2-714134BC9FE9}.Debug|x64.Build.0 = Debug|Any CPU
		{874BFC13-C245-A727-5FB2-714134BC9FE9}.Debug|x86.ActiveCfg = Debug|Any CPU
		{874BFC13-C245-A727-5FB2-714134BC9FE9}.Debug|x86.Build.0 = Debug|Any CPU
		{874BFC13-C245-A727-5FB2-714134BC9FE9}.Release|Any CPU.ActiveCfg = Release|Any CPU
		{874BFC13-C245-A727-5FB2-714134BC9FE9}.Release|Any CPU.Build.0 = Release|Any CPU
		{874BFC13-C245-A727-5FB2-714134BC9FE9}.Release|x64.ActiveCfg = Release|Any CPU
		{874BFC13-C245-A727-5FB2-714134BC9FE9}.Release|x64.Build.0 = Release|Any CPU
		{874BFC13-C245-A727-5FB2-714134BC9FE9}.Release|x86.ActiveCfg = Release|Any CPU
		{874BFC13-C245-A727-5FB2-714134BC9FE9}.Release|x86.Build.0 = Release|Any CPU
		{93E37A41-5A07-452F-A155-3A74620BECE0}.Debug|Any CPU.ActiveCfg = Debug|Any CPU
		{93E37A41-5A07-452F-A155-3A74620BECE0}.Debug|Any CPU.Build.0 = Debug|Any CPU
		{93E37A41-5A07-452F-A155-3A74620BECE0}.Debug|x64.ActiveCfg = Debug|Any CPU
		{93E37A41-5A07-452F-A155-3A74620BECE0}.Debug|x64.Build.0 = Debug|Any CPU
		{93E37A41-5A07-452F-A155-3A74620BECE0}.Debug|x86.ActiveCfg = Debug|Any CPU
		{93E37A41-5A07-452F-A155-3A74620BECE0}.Debug|x86.Build.0 = Debug|Any CPU
		{93E37A41-5A07-452F-A155-3A74620BECE0}.Release|Any CPU.ActiveCfg = Release|Any CPU
		{93E37A41-5A07-452F-A155-3A74620BECE0}.Release|Any CPU.Build.0 = Release|Any CPU
		{93E37A41-5A07-452F-A155-3A74620BECE0}.Release|x64.ActiveCfg = Release|Any CPU
		{93E37A41-5A07-452F-A155-3A74620BECE0}.Release|x64.Build.0 = Release|Any CPU
		{93E37A41-5A07-452F-A155-3A74620BECE0}.Release|x86.ActiveCfg = Release|Any CPU
		{93E37A41-5A07-452F-A155-3A74620BECE0}.Release|x86.Build.0 = Release|Any CPU
		{72F4A62D-0C47-33E9-8F98-EDB1DDE29615}.Debug|Any CPU.ActiveCfg = Debug|Any CPU
		{72F4A62D-0C47-33E9-8F98-EDB1DDE29615}.Debug|Any CPU.Build.0 = Debug|Any CPU
		{72F4A62D-0C47-33E9-8F98-EDB1DDE29615}.Debug|x64.ActiveCfg = Debug|Any CPU
		{72F4A62D-0C47-33E9-8F98-EDB1DDE29615}.Debug|x64.Build.0 = Debug|Any CPU
		{72F4A62D-0C47-33E9-8F98-EDB1DDE29615}.Debug|x86.ActiveCfg = Debug|Any CPU
		{72F4A62D-0C47-33E9-8F98-EDB1DDE29615}.Debug|x86.Build.0 = Debug|Any CPU
		{72F4A62D-0C47-33E9-8F98-EDB1DDE29615}.Release|Any CPU.ActiveCfg = Release|Any CPU
		{72F4A62D-0C47-33E9-8F98-EDB1DDE29615}.Release|Any CPU.Build.0 = Release|Any CPU
		{72F4A62D-0C47-33E9-8F98-EDB1DDE29615}.Release|x64.ActiveCfg = Release|Any CPU
		{72F4A62D-0C47-33E9-8F98-EDB1DDE29615}.Release|x64.Build.0 = Release|Any CPU
		{72F4A62D-0C47-33E9-8F98-EDB1DDE29615}.Release|x86.ActiveCfg = Release|Any CPU
		{72F4A62D-0C47-33E9-8F98-EDB1DDE29615}.Release|x86.Build.0 = Release|Any CPU
		{EABDE286-DAB9-40D5-991C-AB8AFAAC47CB}.Debug|Any CPU.ActiveCfg = Debug|Any CPU
		{EABDE286-DAB9-40D5-991C-AB8AFAAC47CB}.Debug|Any CPU.Build.0 = Debug|Any CPU
		{EABDE286-DAB9-40D5-991C-AB8AFAAC47CB}.Debug|x64.ActiveCfg = Debug|Any CPU
		{EABDE286-DAB9-40D5-991C-AB8AFAAC47CB}.Debug|x64.Build.0 = Debug|Any CPU
		{EABDE286-DAB9-40D5-991C-AB8AFAAC47CB}.Debug|x86.ActiveCfg = Debug|Any CPU
		{EABDE286-DAB9-40D5-991C-AB8AFAAC47CB}.Debug|x86.Build.0 = Debug|Any CPU
		{EABDE286-DAB9-40D5-991C-AB8AFAAC47CB}.Release|Any CPU.ActiveCfg = Release|Any CPU
		{EABDE286-DAB9-40D5-991C-AB8AFAAC47CB}.Release|Any CPU.Build.0 = Release|Any CPU
		{EABDE286-DAB9-40D5-991C-AB8AFAAC47CB}.Release|x64.ActiveCfg = Release|Any CPU
		{EABDE286-DAB9-40D5-991C-AB8AFAAC47CB}.Release|x64.Build.0 = Release|Any CPU
		{EABDE286-DAB9-40D5-991C-AB8AFAAC47CB}.Release|x86.ActiveCfg = Release|Any CPU
		{EABDE286-DAB9-40D5-991C-AB8AFAAC47CB}.Release|x86.Build.0 = Release|Any CPU
		{FB32D3C5-2581-4242-8C69-DDF80A350D37}.Debug|Any CPU.ActiveCfg = Debug|Any CPU
		{FB32D3C5-2581-4242-8C69-DDF80A350D37}.Debug|Any CPU.Build.0 = Debug|Any CPU
		{FB32D3C5-2581-4242-8C69-DDF80A350D37}.Debug|x64.ActiveCfg = Debug|Any CPU
		{FB32D3C5-2581-4242-8C69-DDF80A350D37}.Debug|x64.Build.0 = Debug|Any CPU
		{FB32D3C5-2581-4242-8C69-DDF80A350D37}.Debug|x86.ActiveCfg = Debug|Any CPU
		{FB32D3C5-2581-4242-8C69-DDF80A350D37}.Debug|x86.Build.0 = Debug|Any CPU
		{FB32D3C5-2581-4242-8C69-DDF80A350D37}.Release|Any CPU.ActiveCfg = Release|Any CPU
		{FB32D3C5-2581-4242-8C69-DDF80A350D37}.Release|Any CPU.Build.0 = Release|Any CPU
		{FB32D3C5-2581-4242-8C69-DDF80A350D37}.Release|x64.ActiveCfg = Release|Any CPU
		{FB32D3C5-2581-4242-8C69-DDF80A350D37}.Release|x64.Build.0 = Release|Any CPU
		{FB32D3C5-2581-4242-8C69-DDF80A350D37}.Release|x86.ActiveCfg = Release|Any CPU
		{FB32D3C5-2581-4242-8C69-DDF80A350D37}.Release|x86.Build.0 = Release|Any CPU
		{34101FC5-CA99-4E72-9FA4-05EBBAFF0162}.Debug|Any CPU.ActiveCfg = Debug|Any CPU
		{34101FC5-CA99-4E72-9FA4-05EBBAFF0162}.Debug|Any CPU.Build.0 = Debug|Any CPU
		{34101FC5-CA99-4E72-9FA4-05EBBAFF0162}.Debug|x64.ActiveCfg = Debug|Any CPU
		{34101FC5-CA99-4E72-9FA4-05EBBAFF0162}.Debug|x64.Build.0 = Debug|Any CPU
		{34101FC5-CA99-4E72-9FA4-05EBBAFF0162}.Debug|x86.ActiveCfg = Debug|Any CPU
		{34101FC5-CA99-4E72-9FA4-05EBBAFF0162}.Debug|x86.Build.0 = Debug|Any CPU
		{34101FC5-CA99-4E72-9FA4-05EBBAFF0162}.Release|Any CPU.ActiveCfg = Release|Any CPU
		{34101FC5-CA99-4E72-9FA4-05EBBAFF0162}.Release|Any CPU.Build.0 = Release|Any CPU
		{34101FC5-CA99-4E72-9FA4-05EBBAFF0162}.Release|x64.ActiveCfg = Release|Any CPU
		{34101FC5-CA99-4E72-9FA4-05EBBAFF0162}.Release|x64.Build.0 = Release|Any CPU
		{34101FC5-CA99-4E72-9FA4-05EBBAFF0162}.Release|x86.ActiveCfg = Release|Any CPU
		{34101FC5-CA99-4E72-9FA4-05EBBAFF0162}.Release|x86.Build.0 = Release|Any CPU
		{60100595-6859-41A6-935A-96C26042066B}.Debug|Any CPU.ActiveCfg = Debug|Any CPU
		{60100595-6859-41A6-935A-96C26042066B}.Debug|Any CPU.Build.0 = Debug|Any CPU
		{60100595-6859-41A6-935A-96C26042066B}.Debug|x64.ActiveCfg = Debug|Any CPU
		{60100595-6859-41A6-935A-96C26042066B}.Debug|x64.Build.0 = Debug|Any CPU
		{60100595-6859-41A6-935A-96C26042066B}.Debug|x86.ActiveCfg = Debug|Any CPU
		{60100595-6859-41A6-935A-96C26042066B}.Debug|x86.Build.0 = Debug|Any CPU
		{60100595-6859-41A6-935A-96C26042066B}.Release|Any CPU.ActiveCfg = Release|Any CPU
		{60100595-6859-41A6-935A-96C26042066B}.Release|Any CPU.Build.0 = Release|Any CPU
		{60100595-6859-41A6-935A-96C26042066B}.Release|x64.ActiveCfg = Release|Any CPU
		{60100595-6859-41A6-935A-96C26042066B}.Release|x64.Build.0 = Release|Any CPU
		{60100595-6859-41A6-935A-96C26042066B}.Release|x86.ActiveCfg = Release|Any CPU
		{60100595-6859-41A6-935A-96C26042066B}.Release|x86.Build.0 = Release|Any CPU
		{526B6A80-8A76-490D-91E0-D5B1B77A00E5}.Debug|Any CPU.ActiveCfg = Debug|Any CPU
		{526B6A80-8A76-490D-91E0-D5B1B77A00E5}.Debug|Any CPU.Build.0 = Debug|Any CPU
		{526B6A80-8A76-490D-91E0-D5B1B77A00E5}.Debug|x64.ActiveCfg = Debug|Any CPU
		{526B6A80-8A76-490D-91E0-D5B1B77A00E5}.Debug|x64.Build.0 = Debug|Any CPU
		{526B6A80-8A76-490D-91E0-D5B1B77A00E5}.Debug|x86.ActiveCfg = Debug|Any CPU
		{526B6A80-8A76-490D-91E0-D5B1B77A00E5}.Debug|x86.Build.0 = Debug|Any CPU
		{526B6A80-8A76-490D-91E0-D5B1B77A00E5}.Release|Any CPU.ActiveCfg = Release|Any CPU
		{526B6A80-8A76-490D-91E0-D5B1B77A00E5}.Release|Any CPU.Build.0 = Release|Any CPU
		{526B6A80-8A76-490D-91E0-D5B1B77A00E5}.Release|x64.ActiveCfg = Release|Any CPU
		{526B6A80-8A76-490D-91E0-D5B1B77A00E5}.Release|x64.Build.0 = Release|Any CPU
		{526B6A80-8A76-490D-91E0-D5B1B77A00E5}.Release|x86.ActiveCfg = Release|Any CPU
		{526B6A80-8A76-490D-91E0-D5B1B77A00E5}.Release|x86.Build.0 = Release|Any CPU
		{84ECD943-1D7D-476F-9286-1F54B700A259}.Debug|Any CPU.ActiveCfg = Debug|Any CPU
		{84ECD943-1D7D-476F-9286-1F54B700A259}.Debug|Any CPU.Build.0 = Debug|Any CPU
		{84ECD943-1D7D-476F-9286-1F54B700A259}.Debug|x64.ActiveCfg = Debug|Any CPU
		{84ECD943-1D7D-476F-9286-1F54B700A259}.Debug|x64.Build.0 = Debug|Any CPU
		{84ECD943-1D7D-476F-9286-1F54B700A259}.Debug|x86.ActiveCfg = Debug|Any CPU
		{84ECD943-1D7D-476F-9286-1F54B700A259}.Debug|x86.Build.0 = Debug|Any CPU
		{84ECD943-1D7D-476F-9286-1F54B700A259}.Release|Any CPU.ActiveCfg = Release|Any CPU
		{84ECD943-1D7D-476F-9286-1F54B700A259}.Release|Any CPU.Build.0 = Release|Any CPU
		{84ECD943-1D7D-476F-9286-1F54B700A259}.Release|x64.ActiveCfg = Release|Any CPU
		{84ECD943-1D7D-476F-9286-1F54B700A259}.Release|x64.Build.0 = Release|Any CPU
		{84ECD943-1D7D-476F-9286-1F54B700A259}.Release|x86.ActiveCfg = Release|Any CPU
		{84ECD943-1D7D-476F-9286-1F54B700A259}.Release|x86.Build.0 = Release|Any CPU
		{696340D3-6DC6-43AF-A41E-248B11BFDB1B}.Debug|Any CPU.ActiveCfg = Debug|Any CPU
		{696340D3-6DC6-43AF-A41E-248B11BFDB1B}.Debug|Any CPU.Build.0 = Debug|Any CPU
		{696340D3-6DC6-43AF-A41E-248B11BFDB1B}.Debug|x64.ActiveCfg = Debug|Any CPU
		{696340D3-6DC6-43AF-A41E-248B11BFDB1B}.Debug|x64.Build.0 = Debug|Any CPU
		{696340D3-6DC6-43AF-A41E-248B11BFDB1B}.Debug|x86.ActiveCfg = Debug|Any CPU
		{696340D3-6DC6-43AF-A41E-248B11BFDB1B}.Debug|x86.Build.0 = Debug|Any CPU
		{696340D3-6DC6-43AF-A41E-248B11BFDB1B}.Release|Any CPU.ActiveCfg = Release|Any CPU
		{696340D3-6DC6-43AF-A41E-248B11BFDB1B}.Release|Any CPU.Build.0 = Release|Any CPU
		{696340D3-6DC6-43AF-A41E-248B11BFDB1B}.Release|x64.ActiveCfg = Release|Any CPU
		{696340D3-6DC6-43AF-A41E-248B11BFDB1B}.Release|x64.Build.0 = Release|Any CPU
		{696340D3-6DC6-43AF-A41E-248B11BFDB1B}.Release|x86.ActiveCfg = Release|Any CPU
		{696340D3-6DC6-43AF-A41E-248B11BFDB1B}.Release|x86.Build.0 = Release|Any CPU
		{C036B9EE-2730-4996-B8D5-32A1B05CDFD0}.Debug|Any CPU.ActiveCfg = Debug|Any CPU
		{C036B9EE-2730-4996-B8D5-32A1B05CDFD0}.Debug|Any CPU.Build.0 = Debug|Any CPU
		{C036B9EE-2730-4996-B8D5-32A1B05CDFD0}.Debug|x64.ActiveCfg = Debug|Any CPU
		{C036B9EE-2730-4996-B8D5-32A1B05CDFD0}.Debug|x64.Build.0 = Debug|Any CPU
		{C036B9EE-2730-4996-B8D5-32A1B05CDFD0}.Debug|x86.ActiveCfg = Debug|Any CPU
		{C036B9EE-2730-4996-B8D5-32A1B05CDFD0}.Debug|x86.Build.0 = Debug|Any CPU
		{C036B9EE-2730-4996-B8D5-32A1B05CDFD0}.Release|Any CPU.ActiveCfg = Release|Any CPU
		{C036B9EE-2730-4996-B8D5-32A1B05CDFD0}.Release|Any CPU.Build.0 = Release|Any CPU
		{C036B9EE-2730-4996-B8D5-32A1B05CDFD0}.Release|x64.ActiveCfg = Release|Any CPU
		{C036B9EE-2730-4996-B8D5-32A1B05CDFD0}.Release|x64.Build.0 = Release|Any CPU
		{C036B9EE-2730-4996-B8D5-32A1B05CDFD0}.Release|x86.ActiveCfg = Release|Any CPU
		{C036B9EE-2730-4996-B8D5-32A1B05CDFD0}.Release|x86.Build.0 = Release|Any CPU
		{03E85197-122C-455F-89E9-3C8F4F53E39C}.Debug|Any CPU.ActiveCfg = Debug|Any CPU
		{03E85197-122C-455F-89E9-3C8F4F53E39C}.Debug|Any CPU.Build.0 = Debug|Any CPU
		{03E85197-122C-455F-89E9-3C8F4F53E39C}.Debug|x64.ActiveCfg = Debug|Any CPU
		{03E85197-122C-455F-89E9-3C8F4F53E39C}.Debug|x64.Build.0 = Debug|Any CPU
		{03E85197-122C-455F-89E9-3C8F4F53E39C}.Debug|x86.ActiveCfg = Debug|Any CPU
		{03E85197-122C-455F-89E9-3C8F4F53E39C}.Debug|x86.Build.0 = Debug|Any CPU
		{03E85197-122C-455F-89E9-3C8F4F53E39C}.Release|Any CPU.ActiveCfg = Release|Any CPU
		{03E85197-122C-455F-89E9-3C8F4F53E39C}.Release|Any CPU.Build.0 = Release|Any CPU
		{03E85197-122C-455F-89E9-3C8F4F53E39C}.Release|x64.ActiveCfg = Release|Any CPU
		{03E85197-122C-455F-89E9-3C8F4F53E39C}.Release|x64.Build.0 = Release|Any CPU
		{03E85197-122C-455F-89E9-3C8F4F53E39C}.Release|x86.ActiveCfg = Release|Any CPU
		{03E85197-122C-455F-89E9-3C8F4F53E39C}.Release|x86.Build.0 = Release|Any CPU
	EndGlobalSection
	GlobalSection(SolutionProperties) = preSolution
		HideSolutionNode = FALSE
	EndGlobalSection
	GlobalSection(NestedProjects) = preSolution
		{874BFC13-C245-A727-5FB2-714134BC9FE9} = {1AE8ACA6-933B-BF2A-3671-3E2EAC007D16}
		{EABDE286-DAB9-40D5-991C-AB8AFAAC47CB} = {1AE8ACA6-933B-BF2A-3671-3E2EAC007D16}
		{FB32D3C5-2581-4242-8C69-DDF80A350D37} = {1AE8ACA6-933B-BF2A-3671-3E2EAC007D16}
		{34101FC5-CA99-4E72-9FA4-05EBBAFF0162} = {1AE8ACA6-933B-BF2A-3671-3E2EAC007D16}
		{60100595-6859-41A6-935A-96C26042066B} = {C0C6E044-CB20-653A-D6C2-4CA8FE87111B}
		{526B6A80-8A76-490D-91E0-D5B1B77A00E5} = {C0C6E044-CB20-653A-D6C2-4CA8FE87111B}
		{84ECD943-1D7D-476F-9286-1F54B700A259} = {C0C6E044-CB20-653A-D6C2-4CA8FE87111B}
		{696340D3-6DC6-43AF-A41E-248B11BFDB1B} = {1AE8ACA6-933B-BF2A-3671-3E2EAC007D16}
		{C036B9EE-2730-4996-B8D5-32A1B05CDFD0} = {C0C6E044-CB20-653A-D6C2-4CA8FE87111B}
		{03E85197-122C-455F-89E9-3C8F4F53E39C} = {C0C6E044-CB20-653A-D6C2-4CA8FE87111B}
	EndGlobalSection
	GlobalSection(ExtensibilityGlobals) = postSolution
		SolutionGuid = {60F204D6-ED50-452B-B902-3F40AE0ED28E}
	EndGlobalSection
EndGlobal
